
Microsoft Visual Studio Solution File, Format Version 12.00
# Visual Studio Version 16
VisualStudioVersion = 16.0.30011.22
MinimumVisualStudioVersion = 10.0.40219.1
Project("{9A19103F-16F7-4668-BE54-9A1E7A4F7556}") = "QCP.Trading.ProductManagement.WebApi", "QCP.Trading.ProductManagement.WebApi\QCP.Trading.ProductManagement.WebApi.csproj", "{09142BBE-BD6F-413D-9702-61095211E93E}"
EndProject
Project("{FAE04EC0-301F-11D3-BF4B-00C04F79EFBC}") = "QCP.Trading.ProductManagement.DataAccessComponent", "QCP.Trading.ProductManagement.DataAccessComponent\QCP.Trading.ProductManagement.DataAccessComponent.csproj", "{1393B54A-0EAA-4F64-8E17-AA80C3BE2FD7}"
EndProject
Project("{FAE04EC0-301F-11D3-BF4B-00C04F79EFBC}") = "QCP.Trading.ProductManagement.Test", "QCP.Trading.ProductManagement.Test\QCP.Trading.ProductManagement.Test.csproj", "{A975E28C-1D70-4386-83E0-6912E1B8BE08}"
EndProject
Global
	GlobalSection(SolutionConfigurationPlatforms) = preSolution
		Debug|Any CPU = Debug|Any CPU
		Release|Any CPU = Release|Any CPU
	EndGlobalSection
	GlobalSection(ProjectConfigurationPlatforms) = postSolution
		{09142BBE-BD6F-413D-9702-61095211E93E}.Debug|Any CPU.ActiveCfg = Debug|Any CPU
		{09142BBE-BD6F-413D-9702-61095211E93E}.Debug|Any CPU.Build.0 = Debug|Any CPU
		{09142BBE-BD6F-413D-9702-61095211E93E}.Release|Any CPU.ActiveCfg = Release|Any CPU
		{09142BBE-BD6F-413D-9702-61095211E93E}.Release|Any CPU.Build.0 = Release|Any CPU
		{1393B54A-0EAA-4F64-8E17-AA80C3BE2FD7}.Debug|Any CPU.ActiveCfg = Debug|Any CPU
		{1393B54A-0EAA-4F64-8E17-AA80C3BE2FD7}.Debug|Any CPU.Build.0 = Debug|Any CPU
		{1393B54A-0EAA-4F64-8E17-AA80C3BE2FD7}.Release|Any CPU.ActiveCfg = Release|Any CPU
		{1393B54A-0EAA-4F64-8E17-AA80C3BE2FD7}.Release|Any CPU.Build.0 = Release|Any CPU
		{A975E28C-1D70-4386-83E0-6912E1B8BE08}.Debug|Any CPU.ActiveCfg = Debug|Any CPU
		{A975E28C-1D70-4386-83E0-6912E1B8BE08}.Debug|Any CPU.Build.0 = Debug|Any CPU
		{A975E28C-1D70-4386-83E0-6912E1B8BE08}.Release|Any CPU.ActiveCfg = Release|Any CPU
		{A975E28C-1D70-4386-83E0-6912E1B8BE08}.Release|Any CPU.Build.0 = Release|Any CPU
	EndGlobalSection
	GlobalSection(SolutionProperties) = preSolution
		HideSolutionNode = FALSE
	EndGlobalSection
	GlobalSection(ExtensibilityGlobals) = postSolution
		SolutionGuid = {EBD0B1ED-214D-43AC-84EE-1DB9D5309698}
	EndGlobalSection
EndGlobal
